
Microsoft Visual Studio Solution File, Format Version 12.00
# Visual Studio 15
VisualStudioVersion = 15.0.26430.14
MinimumVisualStudioVersion = 10.0.40219.1
Project("{FAE04EC0-301F-11D3-BF4B-00C04F79EFBC}") = "AppGourmet.Android", "AppGourmet\AppGourmet.Android\AppGourmet.Android.csproj", "{7C5DFF1E-9F01-4FA5-9407-98B4FF49B122}"
EndProject
Project("{FAE04EC0-301F-11D3-BF4B-00C04F79EFBC}") = "AppGourmet", "AppGourmet\AppGourmet\AppGourmet.csproj", "{9276AE43-49D1-4A93-B9C9-C7BA67ADA7A5}"
EndProject
Project("{FAE04EC0-301F-11D3-BF4B-00C04F79EFBC}") = "AppGourmet.iOS", "AppGourmet\AppGourmet.iOS\AppGourmet.iOS.csproj", "{0985D8CE-DD8A-4234-994A-F7AAC10946A5}"
EndProject
Global
	GlobalSection(SolutionConfigurationPlatforms) = preSolution
		Ad-Hoc|Any CPU = Ad-Hoc|Any CPU
		Ad-Hoc|iPhone = Ad-Hoc|iPhone
		Ad-Hoc|iPhoneSimulator = Ad-Hoc|iPhoneSimulator
		AppStore|Any CPU = AppStore|Any CPU
		AppStore|iPhone = AppStore|iPhone
		AppStore|iPhoneSimulator = AppStore|iPhoneSimulator
		Debug|Any CPU = Debug|Any CPU
		Debug|iPhone = Debug|iPhone
		Debug|iPhoneSimulator = Debug|iPhoneSimulator
		Release|Any CPU = Release|Any CPU
		Release|iPhone = Release|iPhone
		Release|iPhoneSimulator = Release|iPhoneSimulator
	EndGlobalSection
	GlobalSection(ProjectConfigurationPlatforms) = postSolution
		{7C5DFF1E-9F01-4FA5-9407-98B4FF49B122}.Ad-Hoc|Any CPU.ActiveCfg = Release|Any CPU
		{7C5DFF1E-9F01-4FA5-9407-98B4FF49B122}.Ad-Hoc|Any CPU.Build.0 = Release|Any CPU
		{7C5DFF1E-9F01-4FA5-9407-98B4FF49B122}.Ad-Hoc|Any CPU.Deploy.0 = Release|Any CPU
		{7C5DFF1E-9F01-4FA5-9407-98B4FF49B122}.Ad-Hoc|iPhone.ActiveCfg = Release|Any CPU
		{7C5DFF1E-9F01-4FA5-9407-98B4FF49B122}.Ad-Hoc|iPhone.Build.0 = Release|Any CPU
		{7C5DFF1E-9F01-4FA5-9407-98B4FF49B122}.Ad-Hoc|iPhone.Deploy.0 = Release|Any CPU
		{7C5DFF1E-9F01-4FA5-9407-98B4FF49B122}.Ad-Hoc|iPhoneSimulator.ActiveCfg = Release|Any CPU
		{7C5DFF1E-9F01-4FA5-9407-98B4FF49B122}.Ad-Hoc|iPhoneSimulator.Build.0 = Release|Any CPU
		{7C5DFF1E-9F01-4FA5-9407-98B4FF49B122}.Ad-Hoc|iPhoneSimulator.Deploy.0 = Release|Any CPU
		{7C5DFF1E-9F01-4FA5-9407-98B4FF49B122}.AppStore|Any CPU.ActiveCfg = Release|Any CPU
		{7C5DFF1E-9F01-4FA5-9407-98B4FF49B122}.AppStore|Any CPU.Build.0 = Release|Any CPU
		{7C5DFF1E-9F01-4FA5-9407-98B4FF49B122}.AppStore|Any CPU.Deploy.0 = Release|Any CPU
		{7C5DFF1E-9F01-4FA5-9407-98B4FF49B122}.AppStore|iPhone.ActiveCfg = Release|Any CPU
		{7C5DFF1E-9F01-4FA5-9407-98B4FF49B122}.AppStore|iPhone.Build.0 = Release|Any CPU
		{7C5DFF1E-9F01-4FA5-9407-98B4FF49B122}.AppStore|iPhone.Deploy.0 = Release|Any CPU
		{7C5DFF1E-9F01-4FA5-9407-98B4FF49B122}.AppStore|iPhoneSimulator.ActiveCfg = Release|Any CPU
		{7C5DFF1E-9F01-4FA5-9407-98B4FF49B122}.AppStore|iPhoneSimulator.Build.0 = Release|Any CPU
		{7C5DFF1E-9F01-4FA5-9407-98B4FF49B122}.AppStore|iPhoneSimulator.Deploy.0 = Release|Any CPU
		{7C5DFF1E-9F01-4FA5-9407-98B4FF49B122}.Debug|Any CPU.ActiveCfg = Debug|Any CPU
		{7C5DFF1E-9F01-4FA5-9407-98B4FF49B122}.Debug|Any CPU.Build.0 = Debug|Any CPU
		{7C5DFF1E-9F01-4FA5-9407-98B4FF49B122}.Debug|Any CPU.Deploy.0 = Debug|Any CPU
		{7C5DFF1E-9F01-4FA5-9407-98B4FF49B122}.Debug|iPhone.ActiveCfg = Debug|Any CPU
		{7C5DFF1E-9F01-4FA5-9407-98B4FF49B122}.Debug|iPhone.Build.0 = Debug|Any CPU
		{7C5DFF1E-9F01-4FA5-9407-98B4FF49B122}.Debug|iPhone.Deploy.0 = Debug|Any CPU
		{7C5DFF1E-9F01-4FA5-9407-98B4FF49B122}.Debug|iPhoneSimulator.ActiveCfg = Debug|Any CPU
		{7C5DFF1E-9F01-4FA5-9407-98B4FF49B122}.Debug|iPhoneSimulator.Build.0 = Debug|Any CPU
		{7C5DFF1E-9F01-4FA5-9407-98B4FF49B122}.Debug|iPhoneSimulator.Deploy.0 = Debug|Any CPU
		{7C5DFF1E-9F01-4FA5-9407-98B4FF49B122}.Release|Any CPU.ActiveCfg = Release|Any CPU
		{7C5DFF1E-9F01-4FA5-9407-98B4FF49B122}.Release|Any CPU.Build.0 = Release|Any CPU
		{7C5DFF1E-9F01-4FA5-9407-98B4FF49B122}.Release|Any CPU.Deploy.0 = Release|Any CPU
		{7C5DFF1E-9F01-4FA5-9407-98B4FF49B122}.Release|iPhone.ActiveCfg = Release|Any CPU
		{7C5DFF1E-9F01-4FA5-9407-98B4FF49B122}.Release|iPhone.Build.0 = Release|Any CPU
		{7C5DFF1E-9F01-4FA5-9407-98B4FF49B122}.Release|iPhone.Deploy.0 = Release|Any CPU
		{7C5DFF1E-9F01-4FA5-9407-98B4FF49B122}.Release|iPhoneSimulator.ActiveCfg = Release|Any CPU
		{7C5DFF1E-9F01-4FA5-9407-98B4FF49B122}.Release|iPhoneSimulator.Build.0 = Release|Any CPU
		{7C5DFF1E-9F01-4FA5-9407-98B4FF49B122}.Release|iPhoneSimulator.Deploy.0 = Release|Any CPU
		{9276AE43-49D1-4A93-B9C9-C7BA67ADA7A5}.Ad-Hoc|Any CPU.ActiveCfg = Release|Any CPU
		{9276AE43-49D1-4A93-B9C9-C7BA67ADA7A5}.Ad-Hoc|Any CPU.Build.0 = Release|Any CPU
		{9276AE43-49D1-4A93-B9C9-C7BA67ADA7A5}.Ad-Hoc|iPhone.ActiveCfg = Release|Any CPU
		{9276AE43-49D1-4A93-B9C9-C7BA67ADA7A5}.Ad-Hoc|iPhone.Build.0 = Release|Any CPU
		{9276AE43-49D1-4A93-B9C9-C7BA67ADA7A5}.Ad-Hoc|iPhoneSimulator.ActiveCfg = Release|Any CPU
		{9276AE43-49D1-4A93-B9C9-C7BA67ADA7A5}.Ad-Hoc|iPhoneSimulator.Build.0 = Release|Any CPU
		{9276AE43-49D1-4A93-B9C9-C7BA67ADA7A5}.AppStore|Any CPU.ActiveCfg = Release|Any CPU
		{9276AE43-49D1-4A93-B9C9-C7BA67ADA7A5}.AppStore|Any CPU.Build.0 = Release|Any CPU
		{9276AE43-49D1-4A93-B9C9-C7BA67ADA7A5}.AppStore|iPhone.ActiveCfg = Release|Any CPU
		{9276AE43-49D1-4A93-B9C9-C7BA67ADA7A5}.AppStore|iPhone.Build.0 = Release|Any CPU
		{9276AE43-49D1-4A93-B9C9-C7BA67ADA7A5}.AppStore|iPhoneSimulator.ActiveCfg = Release|Any CPU
		{9276AE43-49D1-4A93-B9C9-C7BA67ADA7A5}.AppStore|iPhoneSimulator.Build.0 = Release|Any CPU
		{9276AE43-49D1-4A93-B9C9-C7BA67ADA7A5}.Debug|Any CPU.ActiveCfg = Debug|Any CPU
		{9276AE43-49D1-4A93-B9C9-C7BA67ADA7A5}.Debug|Any CPU.Build.0 = Debug|Any CPU
		{9276AE43-49D1-4A93-B9C9-C7BA67ADA7A5}.Debug|iPhone.ActiveCfg = Debug|Any CPU
		{9276AE43-49D1-4A93-B9C9-C7BA67ADA7A5}.Debug|iPhone.Build.0 = Debug|Any CPU
		{9276AE43-49D1-4A93-B9C9-C7BA67ADA7A5}.Debug|iPhoneSimulator.ActiveCfg = Debug|Any CPU
		{9276AE43-49D1-4A93-B9C9-C7BA67ADA7A5}.Debug|iPhoneSimulator.Build.0 = Debug|Any CPU
		{9276AE43-49D1-4A93-B9C9-C7BA67ADA7A5}.Release|Any CPU.ActiveCfg = Release|Any CPU
		{9276AE43-49D1-4A93-B9C9-C7BA67ADA7A5}.Release|Any CPU.Build.0 = Release|Any CPU
		{9276AE43-49D1-4A93-B9C9-C7BA67ADA7A5}.Release|iPhone.ActiveCfg = Release|Any CPU
		{9276AE43-49D1-4A93-B9C9-C7BA67ADA7A5}.Release|iPhone.Build.0 = Release|Any CPU
		{9276AE43-49D1-4A93-B9C9-C7BA67ADA7A5}.Release|iPhoneSimulator.ActiveCfg = Release|Any CPU
		{9276AE43-49D1-4A93-B9C9-C7BA67ADA7A5}.Release|iPhoneSimulator.Build.0 = Release|Any CPU
		{0985D8CE-DD8A-4234-994A-F7AAC10946A5}.Ad-Hoc|Any CPU.ActiveCfg = Ad-Hoc|iPhone
		{0985D8CE-DD8A-4234-994A-F7AAC10946A5}.Ad-Hoc|iPhone.ActiveCfg = Ad-Hoc|iPhone
		{0985D8CE-DD8A-4234-994A-F7AAC10946A5}.Ad-Hoc|iPhone.Build.0 = Ad-Hoc|iPhone
		{0985D8CE-DD8A-4234-994A-F7AAC10946A5}.Ad-Hoc|iPhoneSimulator.ActiveCfg = Ad-Hoc|iPhoneSimulator
		{0985D8CE-DD8A-4234-994A-F7AAC10946A5}.Ad-Hoc|iPhoneSimulator.Build.0 = Ad-Hoc|iPhoneSimulator
		{0985D8CE-DD8A-4234-994A-F7AAC10946A5}.AppStore|Any CPU.ActiveCfg = AppStore|iPhone
		{0985D8CE-DD8A-4234-994A-F7AAC10946A5}.AppStore|iPhone.ActiveCfg = AppStore|iPhone
		{0985D8CE-DD8A-4234-994A-F7AAC10946A5}.AppStore|iPhone.Build.0 = AppStore|iPhone
		{0985D8CE-DD8A-4234-994A-F7AAC10946A5}.AppStore|iPhoneSimulator.ActiveCfg = AppStore|iPhoneSimulator
		{0985D8CE-DD8A-4234-994A-F7AAC10946A5}.AppStore|iPhoneSimulator.Build.0 = AppStore|iPhoneSimulator
		{0985D8CE-DD8A-4234-994A-F7AAC10946A5}.Debug|Any CPU.ActiveCfg = Debug|iPhone
		{0985D8CE-DD8A-4234-994A-F7AAC10946A5}.Debug|iPhone.ActiveCfg = Debug|iPhone
		{0985D8CE-DD8A-4234-994A-F7AAC10946A5}.Debug|iPhone.Build.0 = Debug|iPhone
		{0985D8CE-DD8A-4234-994A-F7AAC10946A5}.Debug|iPhoneSimulator.ActiveCfg = Debug|iPhoneSimulator
		{0985D8CE-DD8A-4234-994A-F7AAC10946A5}.Debug|iPhoneSimulator.Build.0 = Debug|iPhoneSimulator
		{0985D8CE-DD8A-4234-994A-F7AAC10946A5}.Release|Any CPU.ActiveCfg = Release|iPhone
		{0985D8CE-DD8A-4234-994A-F7AAC10946A5}.Release|iPhone.ActiveCfg = Release|iPhone
		{0985D8CE-DD8A-4234-994A-F7AAC10946A5}.Release|iPhone.Build.0 = Release|iPhone
		{0985D8CE-DD8A-4234-994A-F7AAC10946A5}.Release|iPhoneSimulator.ActiveCfg = Release|iPhoneSimulator
		{0985D8CE-DD8A-4234-994A-F7AAC10946A5}.Release|iPhoneSimulator.Build.0 = Release|iPhoneSimulator
	EndGlobalSection
	GlobalSection(SolutionProperties) = preSolution
		HideSolutionNode = FALSE
	EndGlobalSection
EndGlobal
